
Microsoft Visual Studio Solution File, Format Version 12.00
# Visual Studio 15
VisualStudioVersion = 15.0.27703.2042
MinimumVisualStudioVersion = 10.0.40219.1
Project("{FAE04EC0-301F-11D3-BF4B-00C04F79EFBC}") = "ConsoleApp1", "ConsoleApp1\ConsoleApp1.csproj", "{3A08179F-2EDB-4C0F-835A-95FB60734251}"
EndProject
Project("{8BC9CEB8-8B4A-11D0-8D11-00A0C91BC942}") = "CppCon", "CppCon\CppCon.vcxproj", "{000D0A86-6A13-4477-92A1-BB25CF814A70}"
EndProject
Project("{FAE04EC0-301F-11D3-BF4B-00C04F79EFBC}") = "SFSPostDeleteTD", "SFSPostDeleteTD\SFSPostDeleteTD.csproj", "{A3662F60-C162-4A95-8C6E-B748217B9AB9}"
EndProject
Project("{FAE04EC0-301F-11D3-BF4B-00C04F79EFBC}") = "AE", "AE\AE.csproj", "{1E4B3554-4622-42FC-9A3E-1083EDF08D9F}"
EndProject
Project("{FAE04EC0-301F-11D3-BF4B-00C04F79EFBC}") = "Xltest", "Xltest\Xltest.csproj", "{63E2BB27-5E41-48B1-B8A7-C70CC5CF382B}"
EndProject
Project("{FAE04EC0-301F-11D3-BF4B-00C04F79EFBC}") = "ImgToConsole", "ImgToConsole\ImgToConsole.csproj", "{2F8BA183-CD6C-412F-89CB-980D97D60C9F}"
EndProject
Project("{FAE04EC0-301F-11D3-BF4B-00C04F79EFBC}") = "npoidemo", "npoidemo\npoidemo.csproj", "{7D3A7211-67ED-49EB-A93A-89077A5CBF39}"
EndProject
Project("{FAE04EC0-301F-11D3-BF4B-00C04F79EFBC}") = "GetTiles", "GetTiles\GetTiles.csproj", "{9F08B26A-468A-4785-9D60-95DAC8E1803B}"
EndProject
Global
	GlobalSection(SolutionConfigurationPlatforms) = preSolution
		Debug|Any CPU = Debug|Any CPU
		Debug|x64 = Debug|x64
		Debug|x86 = Debug|x86
		Release|Any CPU = Release|Any CPU
		Release|x64 = Release|x64
		Release|x86 = Release|x86
	EndGlobalSection
	GlobalSection(ProjectConfigurationPlatforms) = postSolution
		{3A08179F-2EDB-4C0F-835A-95FB60734251}.Debug|Any CPU.ActiveCfg = Debug|Any CPU
		{3A08179F-2EDB-4C0F-835A-95FB60734251}.Debug|Any CPU.Build.0 = Debug|Any CPU
		{3A08179F-2EDB-4C0F-835A-95FB60734251}.Debug|x64.ActiveCfg = Debug|Any CPU
		{3A08179F-2EDB-4C0F-835A-95FB60734251}.Debug|x64.Build.0 = Debug|Any CPU
		{3A08179F-2EDB-4C0F-835A-95FB60734251}.Debug|x86.ActiveCfg = Debug|Any CPU
		{3A08179F-2EDB-4C0F-835A-95FB60734251}.Debug|x86.Build.0 = Debug|Any CPU
		{3A08179F-2EDB-4C0F-835A-95FB60734251}.Release|Any CPU.ActiveCfg = Release|Any CPU
		{3A08179F-2EDB-4C0F-835A-95FB60734251}.Release|Any CPU.Build.0 = Release|Any CPU
		{3A08179F-2EDB-4C0F-835A-95FB60734251}.Release|x64.ActiveCfg = Release|Any CPU
		{3A08179F-2EDB-4C0F-835A-95FB60734251}.Release|x64.Build.0 = Release|Any CPU
		{3A08179F-2EDB-4C0F-835A-95FB60734251}.Release|x86.ActiveCfg = Release|Any CPU
		{3A08179F-2EDB-4C0F-835A-95FB60734251}.Release|x86.Build.0 = Release|Any CPU
		{000D0A86-6A13-4477-92A1-BB25CF814A70}.Debug|Any CPU.ActiveCfg = Debug|Win32
		{000D0A86-6A13-4477-92A1-BB25CF814A70}.Debug|x64.ActiveCfg = Debug|x64
		{000D0A86-6A13-4477-92A1-BB25CF814A70}.Debug|x64.Build.0 = Debug|x64
		{000D0A86-6A13-4477-92A1-BB25CF814A70}.Debug|x86.ActiveCfg = Debug|Win32
		{000D0A86-6A13-4477-92A1-BB25CF814A70}.Debug|x86.Build.0 = Debug|Win32
		{000D0A86-6A13-4477-92A1-BB25CF814A70}.Release|Any CPU.ActiveCfg = Release|Win32
		{000D0A86-6A13-4477-92A1-BB25CF814A70}.Release|x64.ActiveCfg = Release|x64
		{000D0A86-6A13-4477-92A1-BB25CF814A70}.Release|x64.Build.0 = Release|x64
		{000D0A86-6A13-4477-92A1-BB25CF814A70}.Release|x86.ActiveCfg = Release|Win32
		{000D0A86-6A13-4477-92A1-BB25CF814A70}.Release|x86.Build.0 = Release|Win32
		{A3662F60-C162-4A95-8C6E-B748217B9AB9}.Debug|Any CPU.ActiveCfg = Debug|Any CPU
		{A3662F60-C162-4A95-8C6E-B748217B9AB9}.Debug|Any CPU.Build.0 = Debug|Any CPU
		{A3662F60-C162-4A95-8C6E-B748217B9AB9}.Debug|x64.ActiveCfg = Debug|Any CPU
		{A3662F60-C162-4A95-8C6E-B748217B9AB9}.Debug|x64.Build.0 = Debug|Any CPU
		{A3662F60-C162-4A95-8C6E-B748217B9AB9}.Debug|x86.ActiveCfg = Debug|Any CPU
		{A3662F60-C162-4A95-8C6E-B748217B9AB9}.Debug|x86.Build.0 = Debug|Any CPU
		{A3662F60-C162-4A95-8C6E-B748217B9AB9}.Release|Any CPU.ActiveCfg = Release|Any CPU
		{A3662F60-C162-4A95-8C6E-B748217B9AB9}.Release|Any CPU.Build.0 = Release|Any CPU
		{A3662F60-C162-4A95-8C6E-B748217B9AB9}.Release|x64.ActiveCfg = Release|Any CPU
		{A3662F60-C162-4A95-8C6E-B748217B9AB9}.Release|x64.Build.0 = Release|Any CPU
		{A3662F60-C162-4A95-8C6E-B748217B9AB9}.Release|x86.ActiveCfg = Release|Any CPU
		{A3662F60-C162-4A95-8C6E-B748217B9AB9}.Release|x86.Build.0 = Release|Any CPU
		{1E4B3554-4622-42FC-9A3E-1083EDF08D9F}.Debug|Any CPU.ActiveCfg = Debug|Any CPU
		{1E4B3554-4622-42FC-9A3E-1083EDF08D9F}.Debug|Any CPU.Build.0 = Debug|Any CPU
		{1E4B3554-4622-42FC-9A3E-1083EDF08D9F}.Debug|x64.ActiveCfg = Debug|Any CPU
		{1E4B3554-4622-42FC-9A3E-1083EDF08D9F}.Debug|x64.Build.0 = Debug|Any CPU
		{1E4B3554-4622-42FC-9A3E-1083EDF08D9F}.Debug|x86.ActiveCfg = Debug|Any CPU
		{1E4B3554-4622-42FC-9A3E-1083EDF08D9F}.Debug|x86.Build.0 = Debug|Any CPU
		{1E4B3554-4622-42FC-9A3E-1083EDF08D9F}.Release|Any CPU.ActiveCfg = Release|Any CPU
		{1E4B3554-4622-42FC-9A3E-1083EDF08D9F}.Release|Any CPU.Build.0 = Release|Any CPU
		{1E4B3554-4622-42FC-9A3E-1083EDF08D9F}.Release|x64.ActiveCfg = Release|Any CPU
		{1E4B3554-4622-42FC-9A3E-1083EDF08D9F}.Release|x64.Build.0 = Release|Any CPU
		{1E4B3554-4622-42FC-9A3E-1083EDF08D9F}.Release|x86.ActiveCfg = Release|Any CPU
		{1E4B3554-4622-42FC-9A3E-1083EDF08D9F}.Release|x86.Build.0 = Release|Any CPU
		{63E2BB27-5E41-48B1-B8A7-C70CC5CF382B}.Debug|Any CPU.ActiveCfg = Debug|Any CPU
		{63E2BB27-5E41-48B1-B8A7-C70CC5CF382B}.Debug|Any CPU.Build.0 = Debug|Any CPU
		{63E2BB27-5E41-48B1-B8A7-C70CC5CF382B}.Debug|x64.ActiveCfg = Debug|Any CPU
		{63E2BB27-5E41-48B1-B8A7-C70CC5CF382B}.Debug|x64.Build.0 = Debug|Any CPU
		{63E2BB27-5E41-48B1-B8A7-C70CC5CF382B}.Debug|x86.ActiveCfg = Debug|Any CPU
		{63E2BB27-5E41-48B1-B8A7-C70CC5CF382B}.Debug|x86.Build.0 = Debug|Any CPU
		{63E2BB27-5E41-48B1-B8A7-C70CC5CF382B}.Release|Any CPU.ActiveCfg = Release|Any CPU
		{63E2BB27-5E41-48B1-B8A7-C70CC5CF382B}.Release|Any CPU.Build.0 = Release|Any CPU
		{63E2BB27-5E41-48B1-B8A7-C70CC5CF382B}.Release|x64.ActiveCfg = Release|Any CPU
		{63E2BB27-5E41-48B1-B8A7-C70CC5CF382B}.Release|x64.Build.0 = Release|Any CPU
		{63E2BB27-5E41-48B1-B8A7-C70CC5CF382B}.Release|x86.ActiveCfg = Release|Any CPU
		{63E2BB27-5E41-48B1-B8A7-C70CC5CF382B}.Release|x86.Build.0 = Release|Any CPU
		{2F8BA183-CD6C-412F-89CB-980D97D60C9F}.Debug|Any CPU.ActiveCfg = Debug|Any CPU
		{2F8BA183-CD6C-412F-89CB-980D97D60C9F}.Debug|Any CPU.Build.0 = Debug|Any CPU
		{2F8BA183-CD6C-412F-89CB-980D97D60C9F}.Debug|x64.ActiveCfg = Debug|Any CPU
		{2F8BA183-CD6C-412F-89CB-980D97D60C9F}.Debug|x64.Build.0 = Debug|Any CPU
		{2F8BA183-CD6C-412F-89CB-980D97D60C9F}.Debug|x86.ActiveCfg = Debug|Any CPU
		{2F8BA183-CD6C-412F-89CB-980D97D60C9F}.Debug|x86.Build.0 = Debug|Any CPU
		{2F8BA183-CD6C-412F-89CB-980D97D60C9F}.Release|Any CPU.ActiveCfg = Release|Any CPU
		{2F8BA183-CD6C-412F-89CB-980D97D60C9F}.Release|Any CPU.Build.0 = Release|Any CPU
		{2F8BA183-CD6C-412F-89CB-980D97D60C9F}.Release|x64.ActiveCfg = Release|Any CPU
		{2F8BA183-CD6C-412F-89CB-980D97D60C9F}.Release|x64.Build.0 = Release|Any CPU
		{2F8BA183-CD6C-412F-89CB-980D97D60C9F}.Release|x86.ActiveCfg = Release|Any CPU
		{2F8BA183-CD6C-412F-89CB-980D97D60C9F}.Release|x86.Build.0 = Release|Any CPU
		{7D3A7211-67ED-49EB-A93A-89077A5CBF39}.Debug|Any CPU.ActiveCfg = Debug|Any CPU
		{7D3A7211-67ED-49EB-A93A-89077A5CBF39}.Debug|Any CPU.Build.0 = Debug|Any CPU
		{7D3A7211-67ED-49EB-A93A-89077A5CBF39}.Debug|x64.ActiveCfg = Debug|Any CPU
		{7D3A7211-67ED-49EB-A93A-89077A5CBF39}.Debug|x64.Build.0 = Debug|Any CPU
		{7D3A7211-67ED-49EB-A93A-89077A5CBF39}.Debug|x86.ActiveCfg = Debug|Any CPU
		{7D3A7211-67ED-49EB-A93A-89077A5CBF39}.Debug|x86.Build.0 = Debug|Any CPU
		{7D3A7211-67ED-49EB-A93A-89077A5CBF39}.Release|Any CPU.ActiveCfg = Release|Any CPU
		{7D3A7211-67ED-49EB-A93A-89077A5CBF39}.Release|Any CPU.Build.0 = Release|Any CPU
		{7D3A7211-67ED-49EB-A93A-89077A5CBF39}.Release|x64.ActiveCfg = Release|Any CPU
		{7D3A7211-67ED-49EB-A93A-89077A5CBF39}.Release|x64.Build.0 = Release|Any CPU
		{7D3A7211-67ED-49EB-A93A-89077A5CBF39}.Release|x86.ActiveCfg = Release|Any CPU
		{7D3A7211-67ED-49EB-A93A-89077A5CBF39}.Release|x86.Build.0 = Release|Any CPU
		{9F08B26A-468A-4785-9D60-95DAC8E1803B}.Debug|Any CPU.ActiveCfg = Debug|Any CPU
		{9F08B26A-468A-4785-9D60-95DAC8E1803B}.Debug|Any CPU.Build.0 = Debug|Any CPU
		{9F08B26A-468A-4785-9D60-95DAC8E1803B}.Debug|x64.ActiveCfg = Debug|Any CPU
		{9F08B26A-468A-4785-9D60-95DAC8E1803B}.Debug|x64.Build.0 = Debug|Any CPU
		{9F08B26A-468A-4785-9D60-95DAC8E1803B}.Debug|x86.ActiveCfg = Debug|Any CPU
		{9F08B26A-468A-4785-9D60-95DAC8E1803B}.Debug|x86.Build.0 = Debug|Any CPU
		{9F08B26A-468A-4785-9D60-95DAC8E1803B}.Release|Any CPU.ActiveCfg = Release|Any CPU
		{9F08B26A-468A-4785-9D60-95DAC8E1803B}.Release|Any CPU.Build.0 = Release|Any CPU
		{9F08B26A-468A-4785-9D60-95DAC8E1803B}.Release|x64.ActiveCfg = Release|Any CPU
		{9F08B26A-468A-4785-9D60-95DAC8E1803B}.Release|x64.Build.0 = Release|Any CPU
		{9F08B26A-468A-4785-9D60-95DAC8E1803B}.Release|x86.ActiveCfg = Release|Any CPU
		{9F08B26A-468A-4785-9D60-95DAC8E1803B}.Release|x86.Build.0 = Release|Any CPU
	EndGlobalSection
	GlobalSection(SolutionProperties) = preSolution
		HideSolutionNode = FALSE
	EndGlobalSection
	GlobalSection(ExtensibilityGlobals) = postSolution
		SolutionGuid = {60147928-F31D-4743-A91D-4F5AC3FE8A58}
	EndGlobalSection
EndGlobal
